// !$*UTF8*$!
{
	archiveVersion = 1;
	classes = {
	};
	objectVersion = 46;
	objects = {

/* Begin PBXBuildFile section */
		50A72D3AE99E5F18315E3C1D /* Pods_ViperStackSwift_Tests.framework in Frameworks */ = {isa = PBXBuildFile; fileRef = ED8F28DABDB31BC5E4D36459 /* Pods_ViperStackSwift_Tests.framework */; };
		53AC8C0020792DB900449E14 /* AppAssembly.swift in Sources */ = {isa = PBXBuildFile; fileRef = 53AC8BDE20792DB900449E14 /* AppAssembly.swift */; };
		53AC8C0120792DB900449E14 /* AppDelegate.swift in Sources */ = {isa = PBXBuildFile; fileRef = 53AC8BDF20792DB900449E14 /* AppDelegate.swift */; };
		53AC8C0220792DB900449E14 /* LaunchScreen.xib in Resources */ = {isa = PBXBuildFile; fileRef = 53AC8BE120792DB900449E14 /* LaunchScreen.xib */; };
		53AC8C0320792DB900449E14 /* Main.storyboard in Resources */ = {isa = PBXBuildFile; fileRef = 53AC8BE320792DB900449E14 /* Main.storyboard */; };
		53AC8C0420792DB900449E14 /* Images.xcassets in Resources */ = {isa = PBXBuildFile; fileRef = 53AC8BE520792DB900449E14 /* Images.xcassets */; };
		53AC8C0520792DB900449E14 /* ChildSegue.swift in Sources */ = {isa = PBXBuildFile; fileRef = 53AC8BE820792DB900449E14 /* ChildSegue.swift */; };
		53AC8C27207A11F900449E14 /* ModalAssembly.swift in Sources */ = {isa = PBXBuildFile; fileRef = 53AC8C1A207A11F900449E14 /* ModalAssembly.swift */; };
		53AC8C28207A11F900449E14 /* ModalPresenter.swift in Sources */ = {isa = PBXBuildFile; fileRef = 53AC8C1C207A11F900449E14 /* ModalPresenter.swift */; };
		53AC8C29207A11F900449E14 /* ModalModuleIO.swift in Sources */ = {isa = PBXBuildFile; fileRef = 53AC8C1D207A11F900449E14 /* ModalModuleIO.swift */; };
		53AC8C2A207A11F900449E14 /* ModalView.swift in Sources */ = {isa = PBXBuildFile; fileRef = 53AC8C1F207A11F900449E14 /* ModalView.swift */; };
		53AC8C2B207A11F900449E14 /* ModalViewIO.swift in Sources */ = {isa = PBXBuildFile; fileRef = 53AC8C20207A11F900449E14 /* ModalViewIO.swift */; };
		53AC8C2C207A11F900449E14 /* ModalInteractor.swift in Sources */ = {isa = PBXBuildFile; fileRef = 53AC8C22207A11F900449E14 /* ModalInteractor.swift */; };
		53AC8C2D207A11F900449E14 /* ModalInteractorIO.swift in Sources */ = {isa = PBXBuildFile; fileRef = 53AC8C23207A11F900449E14 /* ModalInteractorIO.swift */; };
		53AC8C2E207A11F900449E14 /* ModalRouterInput.swift in Sources */ = {isa = PBXBuildFile; fileRef = 53AC8C25207A11F900449E14 /* ModalRouterInput.swift */; };
		53AC8C2F207A11F900449E14 /* ModalRouter.swift in Sources */ = {isa = PBXBuildFile; fileRef = 53AC8C26207A11F900449E14 /* ModalRouter.swift */; };
		53AC8C3F207A13A200449E14 /* ChildAssembly.swift in Sources */ = {isa = PBXBuildFile; fileRef = 53AC8C32207A13A200449E14 /* ChildAssembly.swift */; };
		53AC8C40207A13A200449E14 /* ChildPresenter.swift in Sources */ = {isa = PBXBuildFile; fileRef = 53AC8C34207A13A200449E14 /* ChildPresenter.swift */; };
		53AC8C41207A13A200449E14 /* ChildModuleIO.swift in Sources */ = {isa = PBXBuildFile; fileRef = 53AC8C35207A13A200449E14 /* ChildModuleIO.swift */; };
		53AC8C42207A13A200449E14 /* ChildViewIO.swift in Sources */ = {isa = PBXBuildFile; fileRef = 53AC8C37207A13A200449E14 /* ChildViewIO.swift */; };
		53AC8C43207A13A200449E14 /* ChildView.swift in Sources */ = {isa = PBXBuildFile; fileRef = 53AC8C38207A13A200449E14 /* ChildView.swift */; };
		53AC8C44207A13A200449E14 /* ChildInteractorIO.swift in Sources */ = {isa = PBXBuildFile; fileRef = 53AC8C3A207A13A200449E14 /* ChildInteractorIO.swift */; };
		53AC8C45207A13A200449E14 /* ChildInteractor.swift in Sources */ = {isa = PBXBuildFile; fileRef = 53AC8C3B207A13A200449E14 /* ChildInteractor.swift */; };
		53AC8C46207A13A200449E14 /* ChildRouter.swift in Sources */ = {isa = PBXBuildFile; fileRef = 53AC8C3D207A13A200449E14 /* ChildRouter.swift */; };
		53AC8C47207A13A200449E14 /* ChildRouterInput.swift in Sources */ = {isa = PBXBuildFile; fileRef = 53AC8C3E207A13A200449E14 /* ChildRouterInput.swift */; };
		53AC8C57207A13D400449E14 /* RootAssembly.swift in Sources */ = {isa = PBXBuildFile; fileRef = 53AC8C4A207A13D400449E14 /* RootAssembly.swift */; };
		53AC8C58207A13D400449E14 /* RootPresenter.swift in Sources */ = {isa = PBXBuildFile; fileRef = 53AC8C4C207A13D400449E14 /* RootPresenter.swift */; };
		53AC8C59207A13D400449E14 /* RootModuleIO.swift in Sources */ = {isa = PBXBuildFile; fileRef = 53AC8C4D207A13D400449E14 /* RootModuleIO.swift */; };
		53AC8C5A207A13D400449E14 /* RootViewIO.swift in Sources */ = {isa = PBXBuildFile; fileRef = 53AC8C4F207A13D400449E14 /* RootViewIO.swift */; };
		53AC8C5B207A13D400449E14 /* RootView.swift in Sources */ = {isa = PBXBuildFile; fileRef = 53AC8C50207A13D400449E14 /* RootView.swift */; };
		53AC8C5C207A13D400449E14 /* RootInteractorIO.swift in Sources */ = {isa = PBXBuildFile; fileRef = 53AC8C52207A13D400449E14 /* RootInteractorIO.swift */; };
		53AC8C5D207A13D400449E14 /* RootInteractor.swift in Sources */ = {isa = PBXBuildFile; fileRef = 53AC8C53207A13D400449E14 /* RootInteractor.swift */; };
		53AC8C5E207A13D400449E14 /* RootRouterInput.swift in Sources */ = {isa = PBXBuildFile; fileRef = 53AC8C55207A13D400449E14 /* RootRouterInput.swift */; };
		53AC8C5F207A13D400449E14 /* RootRouter.swift in Sources */ = {isa = PBXBuildFile; fileRef = 53AC8C56207A13D400449E14 /* RootRouter.swift */; };
		53AC8C71207A182500449E14 /* PushAssembly.swift in Sources */ = {isa = PBXBuildFile; fileRef = 53AC8C64207A182500449E14 /* PushAssembly.swift */; };
		53AC8C72207A182500449E14 /* PushPresenter.swift in Sources */ = {isa = PBXBuildFile; fileRef = 53AC8C66207A182500449E14 /* PushPresenter.swift */; };
		53AC8C73207A182500449E14 /* PushModuleIO.swift in Sources */ = {isa = PBXBuildFile; fileRef = 53AC8C67207A182500449E14 /* PushModuleIO.swift */; };
		53AC8C74207A182500449E14 /* PushViewIO.swift in Sources */ = {isa = PBXBuildFile; fileRef = 53AC8C69207A182500449E14 /* PushViewIO.swift */; };
		53AC8C75207A182500449E14 /* PushView.swift in Sources */ = {isa = PBXBuildFile; fileRef = 53AC8C6A207A182500449E14 /* PushView.swift */; };
		53AC8C76207A182500449E14 /* PushInteractor.swift in Sources */ = {isa = PBXBuildFile; fileRef = 53AC8C6C207A182500449E14 /* PushInteractor.swift */; };
		53AC8C77207A182500449E14 /* PushInteractorIO.swift in Sources */ = {isa = PBXBuildFile; fileRef = 53AC8C6D207A182500449E14 /* PushInteractorIO.swift */; };
		53AC8C78207A182500449E14 /* PushRouter.swift in Sources */ = {isa = PBXBuildFile; fileRef = 53AC8C6F207A182500449E14 /* PushRouter.swift */; };
		53AC8C79207A182500449E14 /* PushRouterInput.swift in Sources */ = {isa = PBXBuildFile; fileRef = 53AC8C70207A182500449E14 /* PushRouterInput.swift */; };
		53AC8C7D207A185200449E14 /* PushTests.swift in Sources */ = {isa = PBXBuildFile; fileRef = 53AC8C7B207A183400449E14 /* PushTests.swift */; };
		607FACEC1AFB9204008FA782 /* Tests.swift in Sources */ = {isa = PBXBuildFile; fileRef = 607FACEB1AFB9204008FA782 /* Tests.swift */; };
		F2212B4BC3A93F85DBCF6027 /* Pods_ViperStackSwift_Example.framework in Frameworks */ = {isa = PBXBuildFile; fileRef = 1DAA04227DE4AE1893C4BFE6 /* Pods_ViperStackSwift_Example.framework */; };
/* End PBXBuildFile section */

/* Begin PBXContainerItemProxy section */
		607FACE61AFB9204008FA782 /* PBXContainerItemProxy */ = {
			isa = PBXContainerItemProxy;
			containerPortal = 607FACC81AFB9204008FA782 /* Project object */;
			proxyType = 1;
			remoteGlobalIDString = 607FACCF1AFB9204008FA782;
			remoteInfo = ViperStackSwift;
		};
/* End PBXContainerItemProxy section */

/* Begin PBXFileReference section */
		1DAA04227DE4AE1893C4BFE6 /* Pods_ViperStackSwift_Example.framework */ = {isa = PBXFileReference; explicitFileType = wrapper.framework; includeInIndex = 0; path = Pods_ViperStackSwift_Example.framework; sourceTree = BUILT_PRODUCTS_DIR; };
		349679B81F172CCF6543594D /* Pods-ViperStackSwift_Tests.release.xcconfig */ = {isa = PBXFileReference; includeInIndex = 1; lastKnownFileType = text.xcconfig; name = "Pods-ViperStackSwift_Tests.release.xcconfig"; path = "Pods/Target Support Files/Pods-ViperStackSwift_Tests/Pods-ViperStackSwift_Tests.release.xcconfig"; sourceTree = "<group>"; };
		53AC8BDE20792DB900449E14 /* AppAssembly.swift */ = {isa = PBXFileReference; fileEncoding = 4; lastKnownFileType = sourcecode.swift; path = AppAssembly.swift; sourceTree = "<group>"; };
		53AC8BDF20792DB900449E14 /* AppDelegate.swift */ = {isa = PBXFileReference; fileEncoding = 4; lastKnownFileType = sourcecode.swift; path = AppDelegate.swift; sourceTree = "<group>"; };
		53AC8BE220792DB900449E14 /* Base */ = {isa = PBXFileReference; lastKnownFileType = file.xib; name = Base; path = Base.lproj/LaunchScreen.xib; sourceTree = "<group>"; };
		53AC8BE420792DB900449E14 /* Base */ = {isa = PBXFileReference; lastKnownFileType = file.storyboard; name = Base; path = Base.lproj/Main.storyboard; sourceTree = "<group>"; };
		53AC8BE520792DB900449E14 /* Images.xcassets */ = {isa = PBXFileReference; lastKnownFileType = folder.assetcatalog; path = Images.xcassets; sourceTree = "<group>"; };
		53AC8BE820792DB900449E14 /* ChildSegue.swift */ = {isa = PBXFileReference; fileEncoding = 4; lastKnownFileType = sourcecode.swift; path = ChildSegue.swift; sourceTree = "<group>"; };
		53AC8C1A207A11F900449E14 /* ModalAssembly.swift */ = {isa = PBXFileReference; fileEncoding = 4; lastKnownFileType = sourcecode.swift; path = ModalAssembly.swift; sourceTree = "<group>"; };
		53AC8C1C207A11F900449E14 /* ModalPresenter.swift */ = {isa = PBXFileReference; fileEncoding = 4; lastKnownFileType = sourcecode.swift; path = ModalPresenter.swift; sourceTree = "<group>"; };
		53AC8C1D207A11F900449E14 /* ModalModuleIO.swift */ = {isa = PBXFileReference; fileEncoding = 4; lastKnownFileType = sourcecode.swift; path = ModalModuleIO.swift; sourceTree = "<group>"; };
		53AC8C1F207A11F900449E14 /* ModalView.swift */ = {isa = PBXFileReference; fileEncoding = 4; lastKnownFileType = sourcecode.swift; path = ModalView.swift; sourceTree = "<group>"; };
		53AC8C20207A11F900449E14 /* ModalViewIO.swift */ = {isa = PBXFileReference; fileEncoding = 4; lastKnownFileType = sourcecode.swift; path = ModalViewIO.swift; sourceTree = "<group>"; };
		53AC8C22207A11F900449E14 /* ModalInteractor.swift */ = {isa = PBXFileReference; fileEncoding = 4; lastKnownFileType = sourcecode.swift; path = ModalInteractor.swift; sourceTree = "<group>"; };
		53AC8C23207A11F900449E14 /* ModalInteractorIO.swift */ = {isa = PBXFileReference; fileEncoding = 4; lastKnownFileType = sourcecode.swift; path = ModalInteractorIO.swift; sourceTree = "<group>"; };
		53AC8C25207A11F900449E14 /* ModalRouterInput.swift */ = {isa = PBXFileReference; fileEncoding = 4; lastKnownFileType = sourcecode.swift; path = ModalRouterInput.swift; sourceTree = "<group>"; };
		53AC8C26207A11F900449E14 /* ModalRouter.swift */ = {isa = PBXFileReference; fileEncoding = 4; lastKnownFileType = sourcecode.swift; path = ModalRouter.swift; sourceTree = "<group>"; };
		53AC8C32207A13A200449E14 /* ChildAssembly.swift */ = {isa = PBXFileReference; fileEncoding = 4; lastKnownFileType = sourcecode.swift; path = ChildAssembly.swift; sourceTree = "<group>"; };
		53AC8C34207A13A200449E14 /* ChildPresenter.swift */ = {isa = PBXFileReference; fileEncoding = 4; lastKnownFileType = sourcecode.swift; path = ChildPresenter.swift; sourceTree = "<group>"; };
		53AC8C35207A13A200449E14 /* ChildModuleIO.swift */ = {isa = PBXFileReference; fileEncoding = 4; lastKnownFileType = sourcecode.swift; path = ChildModuleIO.swift; sourceTree = "<group>"; };
		53AC8C37207A13A200449E14 /* ChildViewIO.swift */ = {isa = PBXFileReference; fileEncoding = 4; lastKnownFileType = sourcecode.swift; path = ChildViewIO.swift; sourceTree = "<group>"; };
		53AC8C38207A13A200449E14 /* ChildView.swift */ = {isa = PBXFileReference; fileEncoding = 4; lastKnownFileType = sourcecode.swift; path = ChildView.swift; sourceTree = "<group>"; };
		53AC8C3A207A13A200449E14 /* ChildInteractorIO.swift */ = {isa = PBXFileReference; fileEncoding = 4; lastKnownFileType = sourcecode.swift; path = ChildInteractorIO.swift; sourceTree = "<group>"; };
		53AC8C3B207A13A200449E14 /* ChildInteractor.swift */ = {isa = PBXFileReference; fileEncoding = 4; lastKnownFileType = sourcecode.swift; path = ChildInteractor.swift; sourceTree = "<group>"; };
		53AC8C3D207A13A200449E14 /* ChildRouter.swift */ = {isa = PBXFileReference; fileEncoding = 4; lastKnownFileType = sourcecode.swift; path = ChildRouter.swift; sourceTree = "<group>"; };
		53AC8C3E207A13A200449E14 /* ChildRouterInput.swift */ = {isa = PBXFileReference; fileEncoding = 4; lastKnownFileType = sourcecode.swift; path = ChildRouterInput.swift; sourceTree = "<group>"; };
		53AC8C4A207A13D400449E14 /* RootAssembly.swift */ = {isa = PBXFileReference; fileEncoding = 4; lastKnownFileType = sourcecode.swift; path = RootAssembly.swift; sourceTree = "<group>"; };
		53AC8C4C207A13D400449E14 /* RootPresenter.swift */ = {isa = PBXFileReference; fileEncoding = 4; lastKnownFileType = sourcecode.swift; path = RootPresenter.swift; sourceTree = "<group>"; };
		53AC8C4D207A13D400449E14 /* RootModuleIO.swift */ = {isa = PBXFileReference; fileEncoding = 4; lastKnownFileType = sourcecode.swift; path = RootModuleIO.swift; sourceTree = "<group>"; };
		53AC8C4F207A13D400449E14 /* RootViewIO.swift */ = {isa = PBXFileReference; fileEncoding = 4; lastKnownFileType = sourcecode.swift; path = RootViewIO.swift; sourceTree = "<group>"; };
		53AC8C50207A13D400449E14 /* RootView.swift */ = {isa = PBXFileReference; fileEncoding = 4; lastKnownFileType = sourcecode.swift; path = RootView.swift; sourceTree = "<group>"; };
		53AC8C52207A13D400449E14 /* RootInteractorIO.swift */ = {isa = PBXFileReference; fileEncoding = 4; lastKnownFileType = sourcecode.swift; path = RootInteractorIO.swift; sourceTree = "<group>"; };
		53AC8C53207A13D400449E14 /* RootInteractor.swift */ = {isa = PBXFileReference; fileEncoding = 4; lastKnownFileType = sourcecode.swift; path = RootInteractor.swift; sourceTree = "<group>"; };
		53AC8C55207A13D400449E14 /* RootRouterInput.swift */ = {isa = PBXFileReference; fileEncoding = 4; lastKnownFileType = sourcecode.swift; path = RootRouterInput.swift; sourceTree = "<group>"; };
		53AC8C56207A13D400449E14 /* RootRouter.swift */ = {isa = PBXFileReference; fileEncoding = 4; lastKnownFileType = sourcecode.swift; path = RootRouter.swift; sourceTree = "<group>"; };
		53AC8C64207A182500449E14 /* PushAssembly.swift */ = {isa = PBXFileReference; fileEncoding = 4; lastKnownFileType = sourcecode.swift; path = PushAssembly.swift; sourceTree = "<group>"; };
		53AC8C66207A182500449E14 /* PushPresenter.swift */ = {isa = PBXFileReference; fileEncoding = 4; lastKnownFileType = sourcecode.swift; path = PushPresenter.swift; sourceTree = "<group>"; };
		53AC8C67207A182500449E14 /* PushModuleIO.swift */ = {isa = PBXFileReference; fileEncoding = 4; lastKnownFileType = sourcecode.swift; path = PushModuleIO.swift; sourceTree = "<group>"; };
		53AC8C69207A182500449E14 /* PushViewIO.swift */ = {isa = PBXFileReference; fileEncoding = 4; lastKnownFileType = sourcecode.swift; path = PushViewIO.swift; sourceTree = "<group>"; };
		53AC8C6A207A182500449E14 /* PushView.swift */ = {isa = PBXFileReference; fileEncoding = 4; lastKnownFileType = sourcecode.swift; path = PushView.swift; sourceTree = "<group>"; };
		53AC8C6C207A182500449E14 /* PushInteractor.swift */ = {isa = PBXFileReference; fileEncoding = 4; lastKnownFileType = sourcecode.swift; path = PushInteractor.swift; sourceTree = "<group>"; };
		53AC8C6D207A182500449E14 /* PushInteractorIO.swift */ = {isa = PBXFileReference; fileEncoding = 4; lastKnownFileType = sourcecode.swift; path = PushInteractorIO.swift; sourceTree = "<group>"; };
		53AC8C6F207A182500449E14 /* PushRouter.swift */ = {isa = PBXFileReference; fileEncoding = 4; lastKnownFileType = sourcecode.swift; path = PushRouter.swift; sourceTree = "<group>"; };
		53AC8C70207A182500449E14 /* PushRouterInput.swift */ = {isa = PBXFileReference; fileEncoding = 4; lastKnownFileType = sourcecode.swift; path = PushRouterInput.swift; sourceTree = "<group>"; };
		53AC8C7B207A183400449E14 /* PushTests.swift */ = {isa = PBXFileReference; fileEncoding = 4; lastKnownFileType = sourcecode.swift; path = PushTests.swift; sourceTree = "<group>"; };
		607FACD01AFB9204008FA782 /* ViperStackSwift_Example.app */ = {isa = PBXFileReference; explicitFileType = wrapper.application; includeInIndex = 0; path = ViperStackSwift_Example.app; sourceTree = BUILT_PRODUCTS_DIR; };
		607FACD41AFB9204008FA782 /* Info.plist */ = {isa = PBXFileReference; lastKnownFileType = text.plist.xml; path = Info.plist; sourceTree = "<group>"; };
		607FACE51AFB9204008FA782 /* ViperStackSwift_Tests.xctest */ = {isa = PBXFileReference; explicitFileType = wrapper.cfbundle; includeInIndex = 0; path = ViperStackSwift_Tests.xctest; sourceTree = BUILT_PRODUCTS_DIR; };
		607FACEA1AFB9204008FA782 /* Info.plist */ = {isa = PBXFileReference; lastKnownFileType = text.plist.xml; path = Info.plist; sourceTree = "<group>"; };
		607FACEB1AFB9204008FA782 /* Tests.swift */ = {isa = PBXFileReference; lastKnownFileType = sourcecode.swift; path = Tests.swift; sourceTree = "<group>"; };
		8927CA532953D223C9887D75 /* Pods-ViperStackSwift_Tests.debug.xcconfig */ = {isa = PBXFileReference; includeInIndex = 1; lastKnownFileType = text.xcconfig; name = "Pods-ViperStackSwift_Tests.debug.xcconfig"; path = "Pods/Target Support Files/Pods-ViperStackSwift_Tests/Pods-ViperStackSwift_Tests.debug.xcconfig"; sourceTree = "<group>"; };
		96510410032538F42EDD3DEC /* LICENSE */ = {isa = PBXFileReference; includeInIndex = 1; lastKnownFileType = text; name = LICENSE; path = ../LICENSE; sourceTree = "<group>"; };
		B0D3EAC776AD0C45CAF17B28 /* ViperStackSwift.podspec */ = {isa = PBXFileReference; includeInIndex = 1; lastKnownFileType = text; name = ViperStackSwift.podspec; path = ../ViperStackSwift.podspec; sourceTree = "<group>"; xcLanguageSpecificationIdentifier = xcode.lang.ruby; };
		B4778DFD4C3506C21588B34B /* Pods-ViperStackSwift_Example.debug.xcconfig */ = {isa = PBXFileReference; includeInIndex = 1; lastKnownFileType = text.xcconfig; name = "Pods-ViperStackSwift_Example.debug.xcconfig"; path = "Pods/Target Support Files/Pods-ViperStackSwift_Example/Pods-ViperStackSwift_Example.debug.xcconfig"; sourceTree = "<group>"; };
		B69FB1BC44CA14620DD7BBAC /* Pods-ViperStackSwift_Example.release.xcconfig */ = {isa = PBXFileReference; includeInIndex = 1; lastKnownFileType = text.xcconfig; name = "Pods-ViperStackSwift_Example.release.xcconfig"; path = "Pods/Target Support Files/Pods-ViperStackSwift_Example/Pods-ViperStackSwift_Example.release.xcconfig"; sourceTree = "<group>"; };
		C079276289F5208D6C52B83F /* README.md */ = {isa = PBXFileReference; includeInIndex = 1; lastKnownFileType = net.daringfireball.markdown; name = README.md; path = ../README.md; sourceTree = "<group>"; };
		ED8F28DABDB31BC5E4D36459 /* Pods_ViperStackSwift_Tests.framework */ = {isa = PBXFileReference; explicitFileType = wrapper.framework; includeInIndex = 0; path = Pods_ViperStackSwift_Tests.framework; sourceTree = BUILT_PRODUCTS_DIR; };
/* End PBXFileReference section */

/* Begin PBXFrameworksBuildPhase section */
		607FACCD1AFB9204008FA782 /* Frameworks */ = {
			isa = PBXFrameworksBuildPhase;
			buildActionMask = 2147483647;
			files = (
				F2212B4BC3A93F85DBCF6027 /* Pods_ViperStackSwift_Example.framework in Frameworks */,
			);
			runOnlyForDeploymentPostprocessing = 0;
		};
		607FACE21AFB9204008FA782 /* Frameworks */ = {
			isa = PBXFrameworksBuildPhase;
			buildActionMask = 2147483647;
			files = (
				50A72D3AE99E5F18315E3C1D /* Pods_ViperStackSwift_Tests.framework in Frameworks */,
			);
			runOnlyForDeploymentPostprocessing = 0;
		};
/* End PBXFrameworksBuildPhase section */

/* Begin PBXGroup section */
		3D3B61873EDC53614DAB8A99 /* Frameworks */ = {
			isa = PBXGroup;
			children = (
				1DAA04227DE4AE1893C4BFE6 /* Pods_ViperStackSwift_Example.framework */,
				ED8F28DABDB31BC5E4D36459 /* Pods_ViperStackSwift_Tests.framework */,
			);
			name = Frameworks;
			sourceTree = "<group>";
		};
		53AC8BDD20792DB900449E14 /* App */ = {
			isa = PBXGroup;
			children = (
				53AC8BDE20792DB900449E14 /* AppAssembly.swift */,
				53AC8BDF20792DB900449E14 /* AppDelegate.swift */,
			);
			path = App;
			sourceTree = "<group>";
		};
		53AC8BE020792DB900449E14 /* Resources */ = {
			isa = PBXGroup;
			children = (
				53AC8BE120792DB900449E14 /* LaunchScreen.xib */,
				53AC8BE320792DB900449E14 /* Main.storyboard */,
				53AC8BE520792DB900449E14 /* Images.xcassets */,
			);
			path = Resources;
			sourceTree = "<group>";
		};
		53AC8BE620792DB900449E14 /* Shared */ = {
			isa = PBXGroup;
			children = (
				53AC8BE720792DB900449E14 /* Segues */,
			);
			path = Shared;
			sourceTree = "<group>";
		};
		53AC8BE720792DB900449E14 /* Segues */ = {
			isa = PBXGroup;
			children = (
				53AC8BE820792DB900449E14 /* ChildSegue.swift */,
			);
			path = Segues;
			sourceTree = "<group>";
		};
		53AC8BE920792DB900449E14 /* Modules */ = {
			isa = PBXGroup;
			children = (
				53AC8C62207A182500449E14 /* Push */,
				53AC8C48207A13D400449E14 /* Root */,
				53AC8C30207A13A200449E14 /* Child */,
				53AC8C18207A11F900449E14 /* Modal */,
			);
			path = Modules;
			sourceTree = "<group>";
		};
		53AC8C18207A11F900449E14 /* Modal */ = {
			isa = PBXGroup;
			children = (
				53AC8C19207A11F900449E14 /* Assembly */,
				53AC8C1B207A11F900449E14 /* Presenter */,
				53AC8C1E207A11F900449E14 /* View */,
				53AC8C21207A11F900449E14 /* Interactor */,
				53AC8C24207A11F900449E14 /* Router */,
			);
			path = Modal;
			sourceTree = "<group>";
		};
		53AC8C19207A11F900449E14 /* Assembly */ = {
			isa = PBXGroup;
			children = (
				53AC8C1A207A11F900449E14 /* ModalAssembly.swift */,
			);
			path = Assembly;
			sourceTree = "<group>";
		};
		53AC8C1B207A11F900449E14 /* Presenter */ = {
			isa = PBXGroup;
			children = (
				53AC8C1C207A11F900449E14 /* ModalPresenter.swift */,
				53AC8C1D207A11F900449E14 /* ModalModuleIO.swift */,
			);
			path = Presenter;
			sourceTree = "<group>";
		};
		53AC8C1E207A11F900449E14 /* View */ = {
			isa = PBXGroup;
			children = (
				53AC8C1F207A11F900449E14 /* ModalView.swift */,
				53AC8C20207A11F900449E14 /* ModalViewIO.swift */,
			);
			path = View;
			sourceTree = "<group>";
		};
		53AC8C21207A11F900449E14 /* Interactor */ = {
			isa = PBXGroup;
			children = (
				53AC8C22207A11F900449E14 /* ModalInteractor.swift */,
				53AC8C23207A11F900449E14 /* ModalInteractorIO.swift */,
			);
			path = Interactor;
			sourceTree = "<group>";
		};
		53AC8C24207A11F900449E14 /* Router */ = {
			isa = PBXGroup;
			children = (
				53AC8C25207A11F900449E14 /* ModalRouterInput.swift */,
				53AC8C26207A11F900449E14 /* ModalRouter.swift */,
			);
			path = Router;
			sourceTree = "<group>";
		};
		53AC8C30207A13A200449E14 /* Child */ = {
			isa = PBXGroup;
			children = (
				53AC8C31207A13A200449E14 /* Assembly */,
				53AC8C33207A13A200449E14 /* Presenter */,
				53AC8C36207A13A200449E14 /* View */,
				53AC8C39207A13A200449E14 /* Interactor */,
				53AC8C3C207A13A200449E14 /* Router */,
			);
			path = Child;
			sourceTree = "<group>";
		};
		53AC8C31207A13A200449E14 /* Assembly */ = {
			isa = PBXGroup;
			children = (
				53AC8C32207A13A200449E14 /* ChildAssembly.swift */,
			);
			path = Assembly;
			sourceTree = "<group>";
		};
		53AC8C33207A13A200449E14 /* Presenter */ = {
			isa = PBXGroup;
			children = (
				53AC8C34207A13A200449E14 /* ChildPresenter.swift */,
				53AC8C35207A13A200449E14 /* ChildModuleIO.swift */,
			);
			path = Presenter;
			sourceTree = "<group>";
		};
		53AC8C36207A13A200449E14 /* View */ = {
			isa = PBXGroup;
			children = (
				53AC8C37207A13A200449E14 /* ChildViewIO.swift */,
				53AC8C38207A13A200449E14 /* ChildView.swift */,
			);
			path = View;
			sourceTree = "<group>";
		};
		53AC8C39207A13A200449E14 /* Interactor */ = {
			isa = PBXGroup;
			children = (
				53AC8C3A207A13A200449E14 /* ChildInteractorIO.swift */,
				53AC8C3B207A13A200449E14 /* ChildInteractor.swift */,
			);
			path = Interactor;
			sourceTree = "<group>";
		};
		53AC8C3C207A13A200449E14 /* Router */ = {
			isa = PBXGroup;
			children = (
				53AC8C3D207A13A200449E14 /* ChildRouter.swift */,
				53AC8C3E207A13A200449E14 /* ChildRouterInput.swift */,
			);
			path = Router;
			sourceTree = "<group>";
		};
		53AC8C48207A13D400449E14 /* Root */ = {
			isa = PBXGroup;
			children = (
				53AC8C49207A13D400449E14 /* Assembly */,
				53AC8C4B207A13D400449E14 /* Presenter */,
				53AC8C4E207A13D400449E14 /* View */,
				53AC8C51207A13D400449E14 /* Interactor */,
				53AC8C54207A13D400449E14 /* Router */,
			);
			path = Root;
			sourceTree = "<group>";
		};
		53AC8C49207A13D400449E14 /* Assembly */ = {
			isa = PBXGroup;
			children = (
				53AC8C4A207A13D400449E14 /* RootAssembly.swift */,
			);
			path = Assembly;
			sourceTree = "<group>";
		};
		53AC8C4B207A13D400449E14 /* Presenter */ = {
			isa = PBXGroup;
			children = (
				53AC8C4C207A13D400449E14 /* RootPresenter.swift */,
				53AC8C4D207A13D400449E14 /* RootModuleIO.swift */,
			);
			path = Presenter;
			sourceTree = "<group>";
		};
		53AC8C4E207A13D400449E14 /* View */ = {
			isa = PBXGroup;
			children = (
				53AC8C4F207A13D400449E14 /* RootViewIO.swift */,
				53AC8C50207A13D400449E14 /* RootView.swift */,
			);
			path = View;
			sourceTree = "<group>";
		};
		53AC8C51207A13D400449E14 /* Interactor */ = {
			isa = PBXGroup;
			children = (
				53AC8C52207A13D400449E14 /* RootInteractorIO.swift */,
				53AC8C53207A13D400449E14 /* RootInteractor.swift */,
			);
			path = Interactor;
			sourceTree = "<group>";
		};
		53AC8C54207A13D400449E14 /* Router */ = {
			isa = PBXGroup;
			children = (
				53AC8C55207A13D400449E14 /* RootRouterInput.swift */,
				53AC8C56207A13D400449E14 /* RootRouter.swift */,
			);
			path = Router;
			sourceTree = "<group>";
		};
		53AC8C62207A182500449E14 /* Push */ = {
			isa = PBXGroup;
			children = (
				53AC8C63207A182500449E14 /* Assembly */,
				53AC8C65207A182500449E14 /* Presenter */,
				53AC8C68207A182500449E14 /* View */,
				53AC8C6B207A182500449E14 /* Interactor */,
				53AC8C6E207A182500449E14 /* Router */,
			);
			path = Push;
			sourceTree = "<group>";
		};
		53AC8C63207A182500449E14 /* Assembly */ = {
			isa = PBXGroup;
			children = (
				53AC8C64207A182500449E14 /* PushAssembly.swift */,
			);
			path = Assembly;
			sourceTree = "<group>";
		};
		53AC8C65207A182500449E14 /* Presenter */ = {
			isa = PBXGroup;
			children = (
				53AC8C66207A182500449E14 /* PushPresenter.swift */,
				53AC8C67207A182500449E14 /* PushModuleIO.swift */,
			);
			path = Presenter;
			sourceTree = "<group>";
		};
		53AC8C68207A182500449E14 /* View */ = {
			isa = PBXGroup;
			children = (
				53AC8C69207A182500449E14 /* PushViewIO.swift */,
				53AC8C6A207A182500449E14 /* PushView.swift */,
			);
			path = View;
			sourceTree = "<group>";
		};
		53AC8C6B207A182500449E14 /* Interactor */ = {
			isa = PBXGroup;
			children = (
				53AC8C6C207A182500449E14 /* PushInteractor.swift */,
				53AC8C6D207A182500449E14 /* PushInteractorIO.swift */,
			);
			path = Interactor;
			sourceTree = "<group>";
		};
		53AC8C6E207A182500449E14 /* Router */ = {
			isa = PBXGroup;
			children = (
				53AC8C6F207A182500449E14 /* PushRouter.swift */,
				53AC8C70207A182500449E14 /* PushRouterInput.swift */,
			);
			path = Router;
			sourceTree = "<group>";
		};
		53AC8C7A207A183400449E14 /* Push */ = {
			isa = PBXGroup;
			children = (
				53AC8C7B207A183400449E14 /* PushTests.swift */,
			);
			path = Push;
			sourceTree = "<group>";
		};
		607FACC71AFB9204008FA782 = {
			isa = PBXGroup;
			children = (
				607FACF51AFB993E008FA782 /* Podspec Metadata */,
				607FACD21AFB9204008FA782 /* Example for ViperStackSwift */,
				607FACE81AFB9204008FA782 /* Tests */,
				607FACD11AFB9204008FA782 /* Products */,
				A32627166A529BC3CC0FD2A3 /* Pods */,
				3D3B61873EDC53614DAB8A99 /* Frameworks */,
			);
			sourceTree = "<group>";
		};
		607FACD11AFB9204008FA782 /* Products */ = {
			isa = PBXGroup;
			children = (
				607FACD01AFB9204008FA782 /* ViperStackSwift_Example.app */,
				607FACE51AFB9204008FA782 /* ViperStackSwift_Tests.xctest */,
			);
			name = Products;
			sourceTree = "<group>";
		};
		607FACD21AFB9204008FA782 /* Example for ViperStackSwift */ = {
			isa = PBXGroup;
			children = (
				53AC8BDD20792DB900449E14 /* App */,
				53AC8BE920792DB900449E14 /* Modules */,
				53AC8BE020792DB900449E14 /* Resources */,
				53AC8BE620792DB900449E14 /* Shared */,
				607FACD31AFB9204008FA782 /* Supporting Files */,
			);
			name = "Example for ViperStackSwift";
			path = ViperStackSwift;
			sourceTree = "<group>";
		};
		607FACD31AFB9204008FA782 /* Supporting Files */ = {
			isa = PBXGroup;
			children = (
				607FACD41AFB9204008FA782 /* Info.plist */,
			);
			name = "Supporting Files";
			sourceTree = "<group>";
		};
		607FACE81AFB9204008FA782 /* Tests */ = {
			isa = PBXGroup;
			children = (
				53AC8C7A207A183400449E14 /* Push */,
				607FACEB1AFB9204008FA782 /* Tests.swift */,
				607FACE91AFB9204008FA782 /* Supporting Files */,
			);
			path = Tests;
			sourceTree = "<group>";
		};
		607FACE91AFB9204008FA782 /* Supporting Files */ = {
			isa = PBXGroup;
			children = (
				607FACEA1AFB9204008FA782 /* Info.plist */,
			);
			name = "Supporting Files";
			sourceTree = "<group>";
		};
		607FACF51AFB993E008FA782 /* Podspec Metadata */ = {
			isa = PBXGroup;
			children = (
				B0D3EAC776AD0C45CAF17B28 /* ViperStackSwift.podspec */,
				C079276289F5208D6C52B83F /* README.md */,
				96510410032538F42EDD3DEC /* LICENSE */,
			);
			name = "Podspec Metadata";
			sourceTree = "<group>";
		};
		A32627166A529BC3CC0FD2A3 /* Pods */ = {
			isa = PBXGroup;
			children = (
				B4778DFD4C3506C21588B34B /* Pods-ViperStackSwift_Example.debug.xcconfig */,
				B69FB1BC44CA14620DD7BBAC /* Pods-ViperStackSwift_Example.release.xcconfig */,
				8927CA532953D223C9887D75 /* Pods-ViperStackSwift_Tests.debug.xcconfig */,
				349679B81F172CCF6543594D /* Pods-ViperStackSwift_Tests.release.xcconfig */,
			);
			name = Pods;
			sourceTree = "<group>";
		};
/* End PBXGroup section */

/* Begin PBXNativeTarget section */
		607FACCF1AFB9204008FA782 /* ViperStackSwift_Example */ = {
			isa = PBXNativeTarget;
			buildConfigurationList = 607FACEF1AFB9204008FA782 /* Build configuration list for PBXNativeTarget "ViperStackSwift_Example" */;
			buildPhases = (
				5AB035A597DF8EB1887EF08C /* [CP] Check Pods Manifest.lock */,
				607FACCC1AFB9204008FA782 /* Sources */,
				607FACCD1AFB9204008FA782 /* Frameworks */,
				607FACCE1AFB9204008FA782 /* Resources */,
				BC139B684895EAF3BD354AF8 /* [CP] Embed Pods Frameworks */,
			);
			buildRules = (
			);
			dependencies = (
			);
			name = ViperStackSwift_Example;
			productName = ViperStackSwift;
			productReference = 607FACD01AFB9204008FA782 /* ViperStackSwift_Example.app */;
			productType = "com.apple.product-type.application";
		};
		607FACE41AFB9204008FA782 /* ViperStackSwift_Tests */ = {
			isa = PBXNativeTarget;
			buildConfigurationList = 607FACF21AFB9204008FA782 /* Build configuration list for PBXNativeTarget "ViperStackSwift_Tests" */;
			buildPhases = (
				966764563EF650205F57AF92 /* [CP] Check Pods Manifest.lock */,
				607FACE11AFB9204008FA782 /* Sources */,
				607FACE21AFB9204008FA782 /* Frameworks */,
				607FACE31AFB9204008FA782 /* Resources */,
			);
			buildRules = (
			);
			dependencies = (
				607FACE71AFB9204008FA782 /* PBXTargetDependency */,
			);
			name = ViperStackSwift_Tests;
			productName = Tests;
			productReference = 607FACE51AFB9204008FA782 /* ViperStackSwift_Tests.xctest */;
			productType = "com.apple.product-type.bundle.unit-test";
		};
/* End PBXNativeTarget section */

/* Begin PBXProject section */
		607FACC81AFB9204008FA782 /* Project object */ = {
			isa = PBXProject;
			attributes = {
				LastSwiftUpdateCheck = 0830;
				LastUpgradeCheck = 0930;
				ORGANIZATIONNAME = CocoaPods;
				TargetAttributes = {
					607FACCF1AFB9204008FA782 = {
						CreatedOnToolsVersion = 6.3.1;
						LastSwiftMigration = 0900;
						ProvisioningStyle = Automatic;
					};
					607FACE41AFB9204008FA782 = {
						CreatedOnToolsVersion = 6.3.1;
						LastSwiftMigration = 0900;
						TestTargetID = 607FACCF1AFB9204008FA782;
					};
				};
			};
			buildConfigurationList = 607FACCB1AFB9204008FA782 /* Build configuration list for PBXProject "ViperStackSwift" */;
			compatibilityVersion = "Xcode 3.2";
			developmentRegion = English;
			hasScannedForEncodings = 0;
			knownRegions = (
				en,
				Base,
			);
			mainGroup = 607FACC71AFB9204008FA782;
			productRefGroup = 607FACD11AFB9204008FA782 /* Products */;
			projectDirPath = "";
			projectRoot = "";
			targets = (
				607FACCF1AFB9204008FA782 /* ViperStackSwift_Example */,
				607FACE41AFB9204008FA782 /* ViperStackSwift_Tests */,
			);
		};
/* End PBXProject section */

/* Begin PBXResourcesBuildPhase section */
		607FACCE1AFB9204008FA782 /* Resources */ = {
			isa = PBXResourcesBuildPhase;
			buildActionMask = 2147483647;
			files = (
				53AC8C0420792DB900449E14 /* Images.xcassets in Resources */,
				53AC8C0220792DB900449E14 /* LaunchScreen.xib in Resources */,
				53AC8C0320792DB900449E14 /* Main.storyboard in Resources */,
			);
			runOnlyForDeploymentPostprocessing = 0;
		};
		607FACE31AFB9204008FA782 /* Resources */ = {
			isa = PBXResourcesBuildPhase;
			buildActionMask = 2147483647;
			files = (
			);
			runOnlyForDeploymentPostprocessing = 0;
		};
/* End PBXResourcesBuildPhase section */

/* Begin PBXShellScriptBuildPhase section */
		5AB035A597DF8EB1887EF08C /* [CP] Check Pods Manifest.lock */ = {
			isa = PBXShellScriptBuildPhase;
			buildActionMask = 2147483647;
			files = (
			);
			inputPaths = (
				"${PODS_PODFILE_DIR_PATH}/Podfile.lock",
				"${PODS_ROOT}/Manifest.lock",
			);
			name = "[CP] Check Pods Manifest.lock";
			outputPaths = (
				"$(DERIVED_FILE_DIR)/Pods-ViperStackSwift_Example-checkManifestLockResult.txt",
			);
			runOnlyForDeploymentPostprocessing = 0;
			shellPath = /bin/sh;
			shellScript = "diff \"${PODS_PODFILE_DIR_PATH}/Podfile.lock\" \"${PODS_ROOT}/Manifest.lock\" > /dev/null\nif [ $? != 0 ] ; then\n    # print error to STDERR\n    echo \"error: The sandbox is not in sync with the Podfile.lock. Run 'pod install' or update your CocoaPods installation.\" >&2\n    exit 1\nfi\n# This output is used by Xcode 'outputs' to avoid re-running this script phase.\necho \"SUCCESS\" > \"${SCRIPT_OUTPUT_FILE_0}\"\n";
			showEnvVarsInLog = 0;
		};
		966764563EF650205F57AF92 /* [CP] Check Pods Manifest.lock */ = {
			isa = PBXShellScriptBuildPhase;
			buildActionMask = 2147483647;
			files = (
			);
			inputPaths = (
				"${PODS_PODFILE_DIR_PATH}/Podfile.lock",
				"${PODS_ROOT}/Manifest.lock",
			);
			name = "[CP] Check Pods Manifest.lock";
			outputPaths = (
				"$(DERIVED_FILE_DIR)/Pods-ViperStackSwift_Tests-checkManifestLockResult.txt",
			);
			runOnlyForDeploymentPostprocessing = 0;
			shellPath = /bin/sh;
			shellScript = "diff \"${PODS_PODFILE_DIR_PATH}/Podfile.lock\" \"${PODS_ROOT}/Manifest.lock\" > /dev/null\nif [ $? != 0 ] ; then\n    # print error to STDERR\n    echo \"error: The sandbox is not in sync with the Podfile.lock. Run 'pod install' or update your CocoaPods installation.\" >&2\n    exit 1\nfi\n# This output is used by Xcode 'outputs' to avoid re-running this script phase.\necho \"SUCCESS\" > \"${SCRIPT_OUTPUT_FILE_0}\"\n";
			showEnvVarsInLog = 0;
		};
		BC139B684895EAF3BD354AF8 /* [CP] Embed Pods Frameworks */ = {
			isa = PBXShellScriptBuildPhase;
			buildActionMask = 2147483647;
			files = (
			);
			inputPaths = (
				"${SRCROOT}/Pods/Target Support Files/Pods-ViperStackSwift_Example/Pods-ViperStackSwift_Example-frameworks.sh",
				"${BUILT_PRODUCTS_DIR}/SnapKit/SnapKit.framework",
				"${BUILT_PRODUCTS_DIR}/Swinject/Swinject.framework",
				"${BUILT_PRODUCTS_DIR}/ViperStackSwift/ViperStackSwift.framework",
			);
			name = "[CP] Embed Pods Frameworks";
			outputPaths = (
				"${TARGET_BUILD_DIR}/${FRAMEWORKS_FOLDER_PATH}/SnapKit.framework",
				"${TARGET_BUILD_DIR}/${FRAMEWORKS_FOLDER_PATH}/Swinject.framework",
				"${TARGET_BUILD_DIR}/${FRAMEWORKS_FOLDER_PATH}/ViperStackSwift.framework",
			);
			runOnlyForDeploymentPostprocessing = 0;
			shellPath = /bin/sh;
			shellScript = "\"${SRCROOT}/Pods/Target Support Files/Pods-ViperStackSwift_Example/Pods-ViperStackSwift_Example-frameworks.sh\"\n";
			showEnvVarsInLog = 0;
		};
/* End PBXShellScriptBuildPhase section */

/* Begin PBXSourcesBuildPhase section */
		607FACCC1AFB9204008FA782 /* Sources */ = {
			isa = PBXSourcesBuildPhase;
			buildActionMask = 2147483647;
			files = (
				53AC8C2F207A11F900449E14 /* ModalRouter.swift in Sources */,
				53AC8C42207A13A200449E14 /* ChildViewIO.swift in Sources */,
				53AC8C78207A182500449E14 /* PushRouter.swift in Sources */,
				53AC8C77207A182500449E14 /* PushInteractorIO.swift in Sources */,
				53AC8C5D207A13D400449E14 /* RootInteractor.swift in Sources */,
				53AC8C0120792DB900449E14 /* AppDelegate.swift in Sources */,
				53AC8C74207A182500449E14 /* PushViewIO.swift in Sources */,
				53AC8C44207A13A200449E14 /* ChildInteractorIO.swift in Sources */,
				53AC8C45207A13A200449E14 /* ChildInteractor.swift in Sources */,
				53AC8C29207A11F900449E14 /* ModalModuleIO.swift in Sources */,
				53AC8C75207A182500449E14 /* PushView.swift in Sources */,
				53AC8C2B207A11F900449E14 /* ModalViewIO.swift in Sources */,
				53AC8C5E207A13D400449E14 /* RootRouterInput.swift in Sources */,
				53AC8C73207A182500449E14 /* PushModuleIO.swift in Sources */,
				53AC8C27207A11F900449E14 /* ModalAssembly.swift in Sources */,
				53AC8C72207A182500449E14 /* PushPresenter.swift in Sources */,
				53AC8C41207A13A200449E14 /* ChildModuleIO.swift in Sources */,
				53AC8C28207A11F900449E14 /* ModalPresenter.swift in Sources */,
				53AC8C5C207A13D400449E14 /* RootInteractorIO.swift in Sources */,
				53AC8C71207A182500449E14 /* PushAssembly.swift in Sources */,
				53AC8C2D207A11F900449E14 /* ModalInteractorIO.swift in Sources */,
				53AC8C3F207A13A200449E14 /* ChildAssembly.swift in Sources */,
				53AC8C0520792DB900449E14 /* ChildSegue.swift in Sources */,
				53AC8C5F207A13D400449E14 /* RootRouter.swift in Sources */,
				53AC8C43207A13A200449E14 /* ChildView.swift in Sources */,
				53AC8C47207A13A200449E14 /* ChildRouterInput.swift in Sources */,
				53AC8C76207A182500449E14 /* PushInteractor.swift in Sources */,
				53AC8C2E207A11F900449E14 /* ModalRouterInput.swift in Sources */,
				53AC8C40207A13A200449E14 /* ChildPresenter.swift in Sources */,
				53AC8C0020792DB900449E14 /* AppAssembly.swift in Sources */,
				53AC8C2A207A11F900449E14 /* ModalView.swift in Sources */,
				53AC8C2C207A11F900449E14 /* ModalInteractor.swift in Sources */,
				53AC8C79207A182500449E14 /* PushRouterInput.swift in Sources */,
				53AC8C46207A13A200449E14 /* ChildRouter.swift in Sources */,
				53AC8C57207A13D400449E14 /* RootAssembly.swift in Sources */,
				53AC8C5B207A13D400449E14 /* RootView.swift in Sources */,
				53AC8C58207A13D400449E14 /* RootPresenter.swift in Sources */,
				53AC8C5A207A13D400449E14 /* RootViewIO.swift in Sources */,
				53AC8C59207A13D400449E14 /* RootModuleIO.swift in Sources */,
			);
			runOnlyForDeploymentPostprocessing = 0;
		};
		607FACE11AFB9204008FA782 /* Sources */ = {
			isa = PBXSourcesBuildPhase;
			buildActionMask = 2147483647;
			files = (
				607FACEC1AFB9204008FA782 /* Tests.swift in Sources */,
				53AC8C7D207A185200449E14 /* PushTests.swift in Sources */,
			);
			runOnlyForDeploymentPostprocessing = 0;
		};
/* End PBXSourcesBuildPhase section */

/* Begin PBXTargetDependency section */
		607FACE71AFB9204008FA782 /* PBXTargetDependency */ = {
			isa = PBXTargetDependency;
			target = 607FACCF1AFB9204008FA782 /* ViperStackSwift_Example */;
			targetProxy = 607FACE61AFB9204008FA782 /* PBXContainerItemProxy */;
		};
/* End PBXTargetDependency section */

/* Begin PBXVariantGroup section */
		53AC8BE120792DB900449E14 /* LaunchScreen.xib */ = {
			isa = PBXVariantGroup;
			children = (
				53AC8BE220792DB900449E14 /* Base */,
			);
			name = LaunchScreen.xib;
			sourceTree = "<group>";
		};
		53AC8BE320792DB900449E14 /* Main.storyboard */ = {
			isa = PBXVariantGroup;
			children = (
				53AC8BE420792DB900449E14 /* Base */,
			);
			name = Main.storyboard;
			sourceTree = "<group>";
		};
/* End PBXVariantGroup section */

/* Begin XCBuildConfiguration section */
		607FACED1AFB9204008FA782 /* Debug */ = {
			isa = XCBuildConfiguration;
			buildSettings = {
				ALWAYS_SEARCH_USER_PATHS = NO;
				CLANG_CXX_LANGUAGE_STANDARD = "gnu++0x";
				CLANG_CXX_LIBRARY = "libc++";
				CLANG_ENABLE_MODULES = YES;
				CLANG_ENABLE_OBJC_ARC = YES;
				CLANG_WARN_BLOCK_CAPTURE_AUTORELEASING = YES;
				CLANG_WARN_BOOL_CONVERSION = YES;
				CLANG_WARN_COMMA = YES;
				CLANG_WARN_CONSTANT_CONVERSION = YES;
				CLANG_WARN_DEPRECATED_OBJC_IMPLEMENTATIONS = YES;
				CLANG_WARN_DIRECT_OBJC_ISA_USAGE = YES_ERROR;
				CLANG_WARN_EMPTY_BODY = YES;
				CLANG_WARN_ENUM_CONVERSION = YES;
				CLANG_WARN_INFINITE_RECURSION = YES;
				CLANG_WARN_INT_CONVERSION = YES;
				CLANG_WARN_NON_LITERAL_NULL_CONVERSION = YES;
				CLANG_WARN_OBJC_IMPLICIT_RETAIN_SELF = YES;
				CLANG_WARN_OBJC_LITERAL_CONVERSION = YES;
				CLANG_WARN_OBJC_ROOT_CLASS = YES_ERROR;
				CLANG_WARN_RANGE_LOOP_ANALYSIS = YES;
				CLANG_WARN_STRICT_PROTOTYPES = YES;
				CLANG_WARN_SUSPICIOUS_MOVE = YES;
				CLANG_WARN_UNREACHABLE_CODE = YES;
				CLANG_WARN__DUPLICATE_METHOD_MATCH = YES;
				"CODE_SIGN_IDENTITY[sdk=iphoneos*]" = "iPhone Developer";
				COPY_PHASE_STRIP = NO;
				DEBUG_INFORMATION_FORMAT = "dwarf-with-dsym";
				ENABLE_STRICT_OBJC_MSGSEND = YES;
				ENABLE_TESTABILITY = YES;
				GCC_C_LANGUAGE_STANDARD = gnu99;
				GCC_DYNAMIC_NO_PIC = NO;
				GCC_NO_COMMON_BLOCKS = YES;
				GCC_OPTIMIZATION_LEVEL = 0;
				GCC_PREPROCESSOR_DEFINITIONS = (
					"DEBUG=1",
					"$(inherited)",
				);
				GCC_SYMBOLS_PRIVATE_EXTERN = NO;
				GCC_WARN_64_TO_32_BIT_CONVERSION = YES;
				GCC_WARN_ABOUT_RETURN_TYPE = YES_ERROR;
				GCC_WARN_UNDECLARED_SELECTOR = YES;
				GCC_WARN_UNINITIALIZED_AUTOS = YES_AGGRESSIVE;
				GCC_WARN_UNUSED_FUNCTION = YES;
				GCC_WARN_UNUSED_VARIABLE = YES;
				IPHONEOS_DEPLOYMENT_TARGET = 9.3;
				MTL_ENABLE_DEBUG_INFO = YES;
				ONLY_ACTIVE_ARCH = YES;
				SDKROOT = iphoneos;
				SWIFT_OPTIMIZATION_LEVEL = "-Onone";
			};
			name = Debug;
		};
		607FACEE1AFB9204008FA782 /* Release */ = {
			isa = XCBuildConfiguration;
			buildSettings = {
				ALWAYS_SEARCH_USER_PATHS = NO;
				CLANG_CXX_LANGUAGE_STANDARD = "gnu++0x";
				CLANG_CXX_LIBRARY = "libc++";
				CLANG_ENABLE_MODULES = YES;
				CLANG_ENABLE_OBJC_ARC = YES;
				CLANG_WARN_BLOCK_CAPTURE_AUTORELEASING = YES;
				CLANG_WARN_BOOL_CONVERSION = YES;
				CLANG_WARN_COMMA = YES;
				CLANG_WARN_CONSTANT_CONVERSION = YES;
				CLANG_WARN_DEPRECATED_OBJC_IMPLEMENTATIONS = YES;
				CLANG_WARN_DIRECT_OBJC_ISA_USAGE = YES_ERROR;
				CLANG_WARN_EMPTY_BODY = YES;
				CLANG_WARN_ENUM_CONVERSION = YES;
				CLANG_WARN_INFINITE_RECURSION = YES;
				CLANG_WARN_INT_CONVERSION = YES;
				CLANG_WARN_NON_LITERAL_NULL_CONVERSION = YES;
				CLANG_WARN_OBJC_IMPLICIT_RETAIN_SELF = YES;
				CLANG_WARN_OBJC_LITERAL_CONVERSION = YES;
				CLANG_WARN_OBJC_ROOT_CLASS = YES_ERROR;
				CLANG_WARN_RANGE_LOOP_ANALYSIS = YES;
				CLANG_WARN_STRICT_PROTOTYPES = YES;
				CLANG_WARN_SUSPICIOUS_MOVE = YES;
				CLANG_WARN_UNREACHABLE_CODE = YES;
				CLANG_WARN__DUPLICATE_METHOD_MATCH = YES;
				"CODE_SIGN_IDENTITY[sdk=iphoneos*]" = "iPhone Developer";
				COPY_PHASE_STRIP = NO;
				DEBUG_INFORMATION_FORMAT = "dwarf-with-dsym";
				ENABLE_NS_ASSERTIONS = NO;
				ENABLE_STRICT_OBJC_MSGSEND = YES;
				GCC_C_LANGUAGE_STANDARD = gnu99;
				GCC_NO_COMMON_BLOCKS = YES;
				GCC_WARN_64_TO_32_BIT_CONVERSION = YES;
				GCC_WARN_ABOUT_RETURN_TYPE = YES_ERROR;
				GCC_WARN_UNDECLARED_SELECTOR = YES;
				GCC_WARN_UNINITIALIZED_AUTOS = YES_AGGRESSIVE;
				GCC_WARN_UNUSED_FUNCTION = YES;
				GCC_WARN_UNUSED_VARIABLE = YES;
				IPHONEOS_DEPLOYMENT_TARGET = 9.3;
				MTL_ENABLE_DEBUG_INFO = NO;
				SDKROOT = iphoneos;
				SWIFT_OPTIMIZATION_LEVEL = "-Owholemodule";
				VALIDATE_PRODUCT = YES;
			};
			name = Release;
		};
		607FACF01AFB9204008FA782 /* Debug */ = {
			isa = XCBuildConfiguration;
			baseConfigurationReference = B4778DFD4C3506C21588B34B /* Pods-ViperStackSwift_Example.debug.xcconfig */;
			buildSettings = {
				ASSETCATALOG_COMPILER_APPICON_NAME = AppIcon;
				CODE_SIGN_IDENTITY = "iPhone Developer";
				CODE_SIGN_STYLE = Automatic;
				DEVELOPMENT_TEAM = "";
				INFOPLIST_FILE = ViperStackSwift/Info.plist;
				LD_RUNPATH_SEARCH_PATHS = "$(inherited) @executable_path/Frameworks";
				MODULE_NAME = ExampleApp;
				PRODUCT_BUNDLE_IDENTIFIER = "org.cocoapods.demo.$(PRODUCT_NAME:rfc1034identifier)";
				PRODUCT_NAME = "$(TARGET_NAME)";
				PROVISIONING_PROFILE_SPECIFIER = "";
				SWIFT_SWIFT3_OBJC_INFERENCE = Default;
				SWIFT_VERSION = 4.0;
			};
			name = Debug;
		};
		607FACF11AFB9204008FA782 /* Release */ = {
			isa = XCBuildConfiguration;
			baseConfigurationReference = B69FB1BC44CA14620DD7BBAC /* Pods-ViperStackSwift_Example.release.xcconfig */;
			buildSettings = {
				ASSETCATALOG_COMPILER_APPICON_NAME = AppIcon;
				CODE_SIGN_IDENTITY = "iPhone Developer";
				CODE_SIGN_STYLE = Automatic;
				DEVELOPMENT_TEAM = "";
				INFOPLIST_FILE = ViperStackSwift/Info.plist;
				LD_RUNPATH_SEARCH_PATHS = "$(inherited) @executable_path/Frameworks";
				MODULE_NAME = ExampleApp;
				PRODUCT_BUNDLE_IDENTIFIER = "org.cocoapods.demo.$(PRODUCT_NAME:rfc1034identifier)";
				PRODUCT_NAME = "$(TARGET_NAME)";
				PROVISIONING_PROFILE_SPECIFIER = "";
				SWIFT_SWIFT3_OBJC_INFERENCE = Default;
				SWIFT_VERSION = 4.0;
			};
			name = Release;
		};
		607FACF31AFB9204008FA782 /* Debug */ = {
			isa = XCBuildConfiguration;
			baseConfigurationReference = 8927CA532953D223C9887D75 /* Pods-ViperStackSwift_Tests.debug.xcconfig */;
			buildSettings = {
				ALWAYS_EMBED_SWIFT_STANDARD_LIBRARIES = YES;
				FRAMEWORK_SEARCH_PATHS = (
					"$(SDKROOT)/Developer/Library/Frameworks",
					"$(inherited)",
				);
				GCC_PREPROCESSOR_DEFINITIONS = (
					"DEBUG=1",
					"$(inherited)",
				);
				INFOPLIST_FILE = Tests/Info.plist;
				LD_RUNPATH_SEARCH_PATHS = "$(inherited) @executable_path/Frameworks @loader_path/Frameworks";
				PRODUCT_BUNDLE_IDENTIFIER = "org.cocoapods.$(PRODUCT_NAME:rfc1034identifier)";
				PRODUCT_NAME = "$(TARGET_NAME)";
				SWIFT_SWIFT3_OBJC_INFERENCE = Default;
				SWIFT_VERSION = 4.0;
			};
			name = Debug;
		};
		607FACF41AFB9204008FA782 /* Release */ = {
			isa = XCBuildConfiguration;
			baseConfigurationReference = 349679B81F172CCF6543594D /* Pods-ViperStackSwift_Tests.release.xcconfig */;
			buildSettings = {
				ALWAYS_EMBED_SWIFT_STANDARD_LIBRARIES = YES;
				FRAMEWORK_SEARCH_PATHS = (
					"$(SDKROOT)/Developer/Library/Frameworks",
					"$(inherited)",
				);
				INFOPLIST_FILE = Tests/Info.plist;
				LD_RUNPATH_SEARCH_PATHS = "$(inherited) @executable_path/Frameworks @loader_path/Frameworks";
				PRODUCT_BUNDLE_IDENTIFIER = "org.cocoapods.$(PRODUCT_NAME:rfc1034identifier)";
				PRODUCT_NAME = "$(TARGET_NAME)";
				SWIFT_SWIFT3_OBJC_INFERENCE = Default;
				SWIFT_VERSION = 4.0;
			};
			name = Release;
		};
/* End XCBuildConfiguration section */

/* Begin XCConfigurationList section */
		607FACCB1AFB9204008FA782 /* Build configuration list for PBXProject "ViperStackSwift" */ = {
			isa = XCConfigurationList;
			buildConfigurations = (
				607FACED1AFB9204008FA782 /* Debug */,
				607FACEE1AFB9204008FA782 /* Release */,
			);
			defaultConfigurationIsVisible = 0;
			defaultConfigurationName = Release;
		};
		607FACEF1AFB9204008FA782 /* Build configuration list for PBXNativeTarget "ViperStackSwift_Example" */ = {
			isa = XCConfigurationList;
			buildConfigurations = (
				607FACF01AFB9204008FA782 /* Debug */,
				607FACF11AFB9204008FA782 /* Release */,
			);
			defaultConfigurationIsVisible = 0;
			defaultConfigurationName = Release;
		};
		607FACF21AFB9204008FA782 /* Build configuration list for PBXNativeTarget "ViperStackSwift_Tests" */ = {
			isa = XCConfigurationList;
			buildConfigurations = (
				607FACF31AFB9204008FA782 /* Debug */,
				607FACF41AFB9204008FA782 /* Release */,
			);
			defaultConfigurationIsVisible = 0;
			defaultConfigurationName = Release;
		};
/* End XCConfigurationList section */
	};
	rootObject = 607FACC81AFB9204008FA782 /* Project object */;
}
